Microsoft Visual Studio Solution File, Format Version 12.00
# Visual Studio Version 16
VisualStudioVersion = 16.0.0.0
MinimumVisualStudioVersion = 16.0.0.0
Project("{9A19103F-16F7-4668-BE54-9A1E7A4F7556}") = "PrafullaGarasiaChat.Server", "Server\PrafullaGarasiaChat.Server.csproj", "{53B7D24D-F1CB-4F18-B42D-96814114F0A3}"
EndProject
Project("{9A19103F-16F7-4668-BE54-9A1E7A4F7556}") = "PrafullaGarasiaChat.Client", "Client\PrafullaGarasiaChat.Client.csproj", "{0C0E9DCE-36AD-43CE-8554-2A0AE4C8F7F2}"
EndProject
Project("{9A19103F-16F7-4668-BE54-9A1E7A4F7556}") = "PrafullaGarasiaChat.Shared", "Shared\PrafullaGarasiaChat.Shared.csproj", "{C5BDE7F6-F9DD-44B7-B82D-B76CD1A7914B}"
EndProject
Global
	GlobalSection(SolutionConfigurationPlatforms) = preSolution
		Debug|Any CPU = Debug|Any CPU
		Debug|x64 = Debug|x64
		Debug|x86 = Debug|x86
		Release|Any CPU = Release|Any CPU
		Release|x64 = Release|x64
		Release|x86 = Release|x86
	EndGlobalSection
	GlobalSection(ProjectConfigurationPlatforms) = postSolution
		{53B7D24D-F1CB-4F18-B42D-96814114F0A3}.Debug|Any CPU.ActiveCfg = Debug|Any CPU
		{53B7D24D-F1CB-4F18-B42D-96814114F0A3}.Debug|Any CPU.Build.0 = Debug|Any CPU
		{53B7D24D-F1CB-4F18-B42D-96814114F0A3}.Debug|x64.ActiveCfg = Debug|Any CPU
		{53B7D24D-F1CB-4F18-B42D-96814114F0A3}.Debug|x64.Build.0 = Debug|Any CPU
		{53B7D24D-F1CB-4F18-B42D-96814114F0A3}.Debug|x86.ActiveCfg = Debug|Any CPU
		{53B7D24D-F1CB-4F18-B42D-96814114F0A3}.Debug|x86.Build.0 = Debug|Any CPU
		{53B7D24D-F1CB-4F18-B42D-96814114F0A3}.Release|Any CPU.ActiveCfg = Release|Any CPU
		{53B7D24D-F1CB-4F18-B42D-96814114F0A3}.Release|Any CPU.Build.0 = Release|Any CPU
		{53B7D24D-F1CB-4F18-B42D-96814114F0A3}.Release|x64.ActiveCfg = Release|Any CPU
		{53B7D24D-F1CB-4F18-B42D-96814114F0A3}.Release|x64.Build.0 = Release|Any CPU
		{53B7D24D-F1CB-4F18-B42D-96814114F0A3}.Release|x86.ActiveCfg = Release|Any CPU
		{53B7D24D-F1CB-4F18-B42D-96814114F0A3}.Release|x86.Build.0 = Release|Any CPU
		{0C0E9DCE-36AD-43CE-8554-2A0AE4C8F7F2}.Debug|Any CPU.ActiveCfg = Debug|Any CPU
		{0C0E9DCE-36AD-43CE-8554-2A0AE4C8F7F2}.Debug|Any CPU.Build.0 = Debug|Any CPU
		{0C0E9DCE-36AD-43CE-8554-2A0AE4C8F7F2}.Debug|x64.ActiveCfg = Debug|Any CPU
		{0C0E9DCE-36AD-43CE-8554-2A0AE4C8F7F2}.Debug|x64.Build.0 = Debug|Any CPU
		{0C0E9DCE-36AD-43CE-8554-2A0AE4C8F7F2}.Debug|x86.ActiveCfg = Debug|Any CPU
		{0C0E9DCE-36AD-43CE-8554-2A0AE4C8F7F2}.Debug|x86.Build.0 = Debug|Any CPU
		{0C0E9DCE-36AD-43CE-8554-2A0AE4C8F7F2}.Release|Any CPU.ActiveCfg = Release|Any CPU
		{0C0E9DCE-36AD-43CE-8554-2A0AE4C8F7F2}.Release|Any CPU.Build.0 = Release|Any CPU
		{0C0E9DCE-36AD-43CE-8554-2A0AE4C8F7F2}.Release|x64.ActiveCfg = Release|Any CPU
		{0C0E9DCE-36AD-43CE-8554-2A0AE4C8F7F2}.Release|x64.Build.0 = Release|Any CPU
		{0C0E9DCE-36AD-43CE-8554-2A0AE4C8F7F2}.Release|x86.ActiveCfg = Release|Any CPU
		{0C0E9DCE-36AD-43CE-8554-2A0AE4C8F7F2}.Release|x86.Build.0 = Release|Any CPU
		{C5BDE7F6-F9DD-44B7-B82D-B76CD1A7914B}.Debug|Any CPU.ActiveCfg = Debug|Any CPU
		{C5BDE7F6-F9DD-44B7-B82D-B76CD1A7914B}.Debug|Any CPU.Build.0 = Debug|Any CPU
		{C5BDE7F6-F9DD-44B7-B82D-B76CD1A7914B}.Debug|x64.ActiveCfg = Debug|Any CPU
		{C5BDE7F6-F9DD-44B7-B82D-B76CD1A7914B}.Debug|x64.Build.0 = Debug|Any CPU
		{C5BDE7F6-F9DD-44B7-B82D-B76CD1A7914B}.Debug|x86.ActiveCfg = Debug|Any CPU
		{C5BDE7F6-F9DD-44B7-B82D-B76CD1A7914B}.Debug|x86.Build.0 = Debug|Any CPU
		{C5BDE7F6-F9DD-44B7-B82D-B76CD1A7914B}.Release|Any CPU.ActiveCfg = Release|Any CPU
		{C5BDE7F6-F9DD-44B7-B82D-B76CD1A7914B}.Release|Any CPU.Build.0 = Release|Any CPU
		{C5BDE7F6-F9DD-44B7-B82D-B76CD1A7914B}.Release|x64.ActiveCfg = Release|Any CPU
		{C5BDE7F6-F9DD-44B7-B82D-B76CD1A7914B}.Release|x64.Build.0 = Release|Any CPU
		{C5BDE7F6-F9DD-44B7-B82D-B76CD1A7914B}.Release|x86.ActiveCfg = Release|Any CPU
		{C5BDE7F6-F9DD-44B7-B82D-B76CD1A7914B}.Release|x86.Build.0 = Release|Any CPU
	EndGlobalSection
	GlobalSection(SolutionProperties) = preSolution
		HideSolutionNode = FALSE
	EndGlobalSection
	GlobalSection(ExtensibilityGlobals) = postSolution
		SolutionGuid = {A35EFE1C-3036-4D85-A288-A31412170D20}
	EndGlobalSection
EndGlobal
